# THIS IS AN AUTOGENERATED FILE. DO NOT EDIT THIS FILE DIRECTLY.
# yarn lockfile v1


preact@^10.22.0:
  version "10.23.1"
  resolved "https://registry.yarnpkg.com/preact/-/preact-10.23.1.tgz#d400107289bc979881c5212cb5f5cd22cd1dc38c"
  integrity sha512-O5UdRsNh4vdZaTieWe3XOgSpdMAmkIYBCT3VhQDlKrzyCm8lUYsk0fmVEvoQQifoOjFRTaHZO69ylrzTW2BH+A==

sakura.css@^1.5.0:
  version "1.5.0"
  resolved "https://registry.yarnpkg.com/sakura.css/-/sakura.css-1.5.0.tgz#f73cd825fd86dcdc93d6208bc8f55d10104cfab4"
  integrity sha512-AcAZa9F4SCs2xaKLWcXQxJxKfeod2PN3sR31+R22MKuyoJxNChH1wBG4mQaY9gVpJ3VpNA1XHPOrOM9hFo9cSw==
