# THIS IS AN AUTOGENERATED FILE. DO NOT EDIT THIS FILE DIRECTLY.
# yarn lockfile v1


webpack-target-webextension@^1.0.5:
  version "1.0.5"
  resolved "https://registry.yarnpkg.com/webpack-target-webextension/-/webpack-target-webextension-1.0.5.tgz#7b10d97e9f4bdd2ed6691c74c1d8c6a82f46382a"
  integrity sha512-0xgugW+9yzLjJENX9t0Hgfjz60Mje15hPlLpTOEMX/LOVIOvCBLN9hsmk3LG9HWr2FSLeDda7L9RFlk4bGhhcg==
