{
  "name": "extension-release-npm",
  "lockfileVersion": 3,
  "requires": true,
  "packages": {
    "": {
      "name": "extension-release-npm",
      "dependencies": {
        "npm": "11.19.0"
      }
    },
    "node_modules/npm": {
      "version": "11.19.0",
      "resolved": "https://registry.npmjs.org/npm/-/npm-11.19.0.tgz",
      "integrity": "sha512-SDd/hHg3KqHE5Ht2NHWxNYNtqCQ2pXAPLl6OtQhPyED5PHsRfrOtO199MZTIG2cQoQ1ZRI9t28shrD+2cr3AAw==",
      "bundleDependencies": [
        "@isaacs/string-locale-compare",
        "@npmcli/arborist",
        "@npmcli/config",
        "@npmcli/fs",
        "@npmcli/map-workspaces",
        "@npmcli/metavuln-calculator",
        "@npmcli/package-json",
        "@npmcli/promise-spawn",
        "@npmcli/redact",
        "@npmcli/run-script",
        "@sigstore/tuf",
        "abbrev",
        "archy",
        "cacache",
        "chalk",
        "ci-info",
        "fastest-levenshtein",
        "fs-minipass",
        "glob",
        "graceful-fs",
        "hosted-git-info",
        "ini",
        "init-package-json",
        "is-cidr",
        "json-parse-even-better-errors",
        "libnpmaccess",
        "libnpmdiff",
        "libnpmexec",
        "libnpmfund",
        "libnpmorg",
        "libnpmpack",
        "libnpmpublish",
        "libnpmsearch",
        "libnpmteam",
        "libnpmversion",
        "make-fetch-happen",
        "minimatch",
        "minipass",
        "minipass-pipeline",
        "ms",
        "node-gyp",
        "nopt",
        "npm-audit-report",
        "npm-install-checks",
        "npm-package-arg",
        "npm-pick-manifest",
        "npm-profile",
        "npm-registry-fetch",
        "npm-user-validate",
        "p-map",
        "pacote",
        "parse-conflict-json",
        "proc-log",
        "qrcode-terminal",
        "read",
        "semver",
        "spdx-expression-parse",
        "ssri",
        "supports-color",
        "tar",
        "text-table",
        "tiny-relative-date",
        "treeverse",
        "validate-npm-package-name",
        "which"
      ],
      "license": "Artistic-2.0",
      "workspaces": [
        "docs",
        "smoke-tests",
        "mock-globals",
        "mock-registry",
        "workspaces/*"
      ],
      "dependencies": {
        "@isaacs/string-locale-compare": "^1.1.0",
        "@npmcli/arborist": "^9.9.1",
        "@npmcli/config": "^10.12.0",
        "@npmcli/fs": "^5.0.0",
        "@npmcli/map-workspaces": "^5.0.3",
        "@npmcli/metavuln-calculator": "^9.0.3",
        "@npmcli/package-json": "^7.0.5",
        "@npmcli/promise-spawn": "^9.0.1",
        "@npmcli/redact": "^4.0.0",
        "@npmcli/run-script": "^10.0.4",
        "@sigstore/tuf": "^4.0.2",
        "abbrev": "^4.0.0",
        "archy": "~1.0.0",
        "cacache": "^20.0.4",
        "chalk": "^5.6.2",
        "ci-info": "^4.4.0",
        "fastest-levenshtein": "^1.0.16",
        "fs-minipass": "^3.0.3",
        "glob": "^13.0.6",
        "graceful-fs": "^4.2.11",
        "hosted-git-info": "^9.0.3",
        "ini": "^6.0.0",
        "init-package-json": "^8.2.5",
        "is-cidr": "^6.0.4",
        "json-parse-even-better-errors": "^5.0.0",
        "libnpmaccess": "^10.0.3",
        "libnpmdiff": "^8.1.12",
        "libnpmexec": "^10.3.2",
        "libnpmfund": "^7.0.26",
        "libnpmorg": "^8.0.1",
        "libnpmpack": "^9.1.12",
        "libnpmpublish": "^11.2.0",
        "libnpmsearch": "^9.0.1",
        "libnpmteam": "^8.0.2",
        "libnpmversion": "^8.0.4",
        "make-fetch-happen": "^15.0.6",
        "minimatch": "^10.2.5",
        "minipass": "^7.1.3",
        "minipass-pipeline": "^1.2.4",
        "ms": "^2.1.2",
        "node-gyp": "^12.4.0",
        "nopt": "^9.0.0",
        "npm-audit-report": "^7.0.0",
        "npm-install-checks": "^8.0.0",
        "npm-package-arg": "^13.0.2",
        "npm-pick-manifest": "^11.0.3",
        "npm-profile": "^12.0.2",
        "npm-registry-fetch": "^19.1.1",
        "npm-user-validate": "^4.0.0",
        "p-map": "^7.0.4",
        "pacote": "^21.5.1",
        "parse-conflict-json": "^5.0.1",
        "proc-log": "^6.1.0",
        "qrcode-terminal": "^0.12.0",
        "read": "^5.0.1",
        "semver": "^7.8.5",
        "spdx-expression-parse": "^4.0.0",
        "ssri": "^13.0.1",
        "supports-color": "^10.2.2",
        "tar": "^7.5.19",
        "text-table": "~0.2.0",
        "tiny-relative-date": "^2.0.2",
        "treeverse": "^3.0.0",
        "validate-npm-package-name": "^7.0.2",
        "which": "^6.0.1"
      },
      "bin": {
        "npm": "bin/npm-cli.js",
        "npx": "bin/npx-cli.js"
      },
      "engines": {
        "node": "^20.17.0 || >=22.9.0"
      }
    },
    "node_modules/npm/node_modules/@gar/promise-retry": {
      "version": "1.0.3",
      "inBundle": true,
      "license": "MIT",
      "engines": {
        "node": "^20.17.0 || >=22.9.0"
      }
    },
    "node_modules/npm/node_modules/@isaacs/fs-minipass": {
      "version": "4.0.1",
      "inBundle": true,
      "license": "ISC",
      "dependencies": {
        "minipass": "^7.0.4"
      },
      "engines": {
        "node": ">=18.0.0"
      }
    },
    "node_modules/npm/node_modules/@isaacs/string-locale-compare": {
      "version": "1.1.0",
      "inBundle": true,
      "license": "ISC"
    },
    "node_modules/npm/node_modules/@npmcli/agent": {
      "version": "4.0.2",
      "inBundle": true,
      "license": "ISC",
      "dependencies": {
        "agent-base": "^7.1.0",
        "http-proxy-agent": "^7.0.0",
        "https-proxy-agent": "^7.0.1",
        "lru-cache": "^11.2.1",
        "socks-proxy-agent": "^8.0.3"
      },
      "engines": {
        "node": "^20.17.0 || >=22.9.0"
      }
    },
    "node_modules/npm/node_modules/@npmcli/arborist": {
      "version": "9.9.1",
      "inBundle": true,
      "license": "ISC",
      "dependencies": {
        "@gar/promise-retry": "^1.0.0",
        "@isaacs/string-locale-compare": "^1.1.0",
        "@npmcli/fs": "^5.0.0",
        "@npmcli/installed-package-contents": "^4.0.0",
        "@npmcli/map-workspaces": "^5.0.0",
        "@npmcli/metavuln-calculator": "^9.0.2",
        "@npmcli/name-from-folder": "^4.0.0",
        "@npmcli/node-gyp": "^5.0.0",
        "@npmcli/package-json": "^7.0.0",
        "@npmcli/query": "^5.0.0",
        "@npmcli/redact": "^4.0.0",
        "@npmcli/run-script": "^10.0.0",
        "bin-links": "^6.0.0",
        "cacache": "^20.0.1",
        "common-ancestor-path": "^2.0.0",
        "hosted-git-info": "^9.0.0",
        "json-stringify-nice": "^1.1.4",
        "lru-cache": "^11.2.1",
        "minimatch": "^10.0.3",
        "nopt": "^9.0.0",
        "npm-install-checks": "^8.0.0",
        "npm-package-arg": "^13.0.0",
        "npm-pick-manifest": "^11.0.1",
        "npm-registry-fetch": "^19.0.0",
        "pacote": "^21.0.2",
        "parse-conflict-json": "^5.0.1",
        "proc-log": "^6.0.0",
        "proggy": "^4.0.0",
        "promise-all-reject-late": "^1.0.0",
        "promise-call-limit": "^3.0.1",
        "semver": "^7.3.7",
        "ssri": "^13.0.0",
        "treeverse": "^3.0.0",
        "walk-up-path": "^4.0.0"
      },
      "bin": {
        "arborist": "bin/index.js"
      },
      "engines": {
        "node": "^20.17.0 || >=22.9.0"
      }
    },
    "node_modules/npm/node_modules/@npmcli/config": {
      "version": "10.12.0",
      "inBundle": true,
      "license": "ISC",
      "dependencies": {
        "@npmcli/map-workspaces": "^5.0.0",
        "@npmcli/package-json": "^7.0.0",
        "ci-info": "^4.0.0",
        "ini": "^6.0.0",
        "nopt": "^9.0.0",
        "proc-log": "^6.0.0",
        "semver": "^7.3.5",
        "walk-up-path": "^4.0.0"
      },
      "engines": {
        "node": "^20.17.0 || >=22.9.0"
      }
    },
    "node_modules/npm/node_modules/@npmcli/fs": {
      "version": "5.0.0",
      "inBundle": true,
      "license": "ISC",
      "dependencies": {
        "semver": "^7.3.5"
      },
      "engines": {
        "node": "^20.17.0 || >=22.9.0"
      }
    },
    "node_modules/npm/node_modules/@npmcli/git": {
      "version": "7.0.2",
      "inBundle": true,
      "license": "ISC",
      "dependencies": {
        "@gar/promise-retry": "^1.0.0",
        "@npmcli/promise-spawn": "^9.0.0",
        "ini": "^6.0.0",
        "lru-cache": "^11.2.1",
        "npm-pick-manifest": "^11.0.1",
        "proc-log": "^6.0.0",
        "semver": "^7.3.5",
        "which": "^6.0.0"
      },
      "engines": {
        "node": "^20.17.0 || >=22.9.0"
      }
    },
    "node_modules/npm/node_modules/@npmcli/installed-package-contents": {
      "version": "4.0.0",
      "inBundle": true,
      "license": "ISC",
      "dependencies": {
        "npm-bundled": "^5.0.0",
        "npm-normalize-package-bin": "^5.0.0"
      },
      "bin": {
        "installed-package-contents": "bin/index.js"
      },
      "engines": {
        "node": "^20.17.0 || >=22.9.0"
      }
    },
    "node_modules/npm/node_modules/@npmcli/map-workspaces": {
      "version": "5.0.3",
      "inBundle": true,
      "license": "ISC",
      "dependencies": {
        "@npmcli/name-from-folder": "^4.0.0",
        "@npmcli/package-json": "^7.0.0",
        "glob": "^13.0.0",
        "minimatch": "^10.0.3"
      },
      "engines": {
        "node": "^20.17.0 || >=22.9.0"
      }
    },
    "node_modules/npm/node_modules/@npmcli/metavuln-calculator": {
      "version": "9.0.3",
      "inBundle": true,
      "license": "ISC",
      "dependencies": {
        "cacache": "^20.0.0",
        "json-parse-even-better-errors": "^5.0.0",
        "pacote": "^21.0.0",
        "proc-log": "^6.0.0",
        "semver": "^7.3.5"
      },
      "engines": {
        "node": "^20.17.0 || >=22.9.0"
      }
    },
    "node_modules/npm/node_modules/@npmcli/name-from-folder": {
      "version": "4.0.0",
      "inBundle": true,
      "license": "ISC",
      "engines": {
        "node": "^20.17.0 || >=22.9.0"
      }
    },
    "node_modules/npm/node_modules/@npmcli/node-gyp": {
      "version": "5.0.0",
      "inBundle": true,
      "license": "ISC",
      "engines": {
        "node": "^20.17.0 || >=22.9.0"
      }
    },
    "node_modules/npm/node_modules/@npmcli/package-json": {
      "version": "7.0.5",
      "inBundle": true,
      "license": "ISC",
      "dependencies": {
        "@npmcli/git": "^7.0.0",
        "glob": "^13.0.0",
        "hosted-git-info": "^9.0.0",
        "json-parse-even-better-errors": "^5.0.0",
        "proc-log": "^6.0.0",
        "semver": "^7.5.3",
        "spdx-expression-parse": "^4.0.0"
      },
      "engines": {
        "node": "^20.17.0 || >=22.9.0"
      }
    },
    "node_modules/npm/node_modules/@npmcli/promise-spawn": {
      "version": "9.0.1",
      "inBundle": true,
      "license": "ISC",
      "dependencies": {
        "which": "^6.0.0"
      },
      "engines": {
        "node": "^20.17.0 || >=22.9.0"
      }
    },
    "node_modules/npm/node_modules/@npmcli/query": {
      "version": "5.0.0",
      "inBundle": true,
      "license": "ISC",
      "dependencies": {
        "postcss-selector-parser": "^7.0.0"
      },
      "engines": {
        "node": "^20.17.0 || >=22.9.0"
      }
    },
    "node_modules/npm/node_modules/@npmcli/redact": {
      "version": "4.0.0",
      "inBundle": true,
      "license": "ISC",
      "engines": {
        "node": "^20.17.0 || >=22.9.0"
      }
    },
    "node_modules/npm/node_modules/@npmcli/run-script": {
      "version": "10.0.4",
      "inBundle": true,
      "license": "ISC",
      "dependencies": {
        "@npmcli/node-gyp": "^5.0.0",
        "@npmcli/package-json": "^7.0.0",
        "@npmcli/promise-spawn": "^9.0.0",
        "node-gyp": "^12.1.0",
        "proc-log": "^6.0.0"
      },
      "engines": {
        "node": "^20.17.0 || >=22.9.0"
      }
    },
    "node_modules/npm/node_modules/@sigstore/bundle": {
      "version": "4.0.0",
      "inBundle": true,
      "license": "Apache-2.0",
      "dependencies": {
        "@sigstore/protobuf-specs": "^0.5.0"
      },
      "engines": {
        "node": "^20.17.0 || >=22.9.0"
      }
    },
    "node_modules/npm/node_modules/@sigstore/core": {
      "version": "3.2.1",
      "inBundle": true,
      "license": "Apache-2.0",
      "engines": {
        "node": "^20.17.0 || >=22.9.0"
      }
    },
    "node_modules/npm/node_modules/@sigstore/protobuf-specs": {
      "version": "0.5.1",
      "inBundle": true,
      "license": "Apache-2.0",
      "engines": {
        "node": "^18.17.0 || >=20.5.0"
      }
    },
    "node_modules/npm/node_modules/@sigstore/sign": {
      "version": "4.1.1",
      "inBundle": true,
      "license": "Apache-2.0",
      "dependencies": {
        "@gar/promise-retry": "^1.0.2",
        "@sigstore/bundle": "^4.0.0",
        "@sigstore/core": "^3.2.0",
        "@sigstore/protobuf-specs": "^0.5.0",
        "make-fetch-happen": "^15.0.4",
        "proc-log": "^6.1.0"
      },
      "engines": {
        "node": "^20.17.0 || >=22.9.0"
      }
    },
    "node_modules/npm/node_modules/@sigstore/tuf": {
      "version": "4.0.2",
      "inBundle": true,
      "license": "Apache-2.0",
      "dependencies": {
        "@sigstore/protobuf-specs": "^0.5.0",
        "tuf-js": "^4.1.0"
      },
      "engines": {
        "node": "^20.17.0 || >=22.9.0"
      }
    },
    "node_modules/npm/node_modules/@sigstore/verify": {
      "version": "3.1.1",
      "inBundle": true,
      "license": "Apache-2.0",
      "dependencies": {
        "@sigstore/bundle": "^4.0.0",
        "@sigstore/core": "^3.2.1",
        "@sigstore/protobuf-specs": "^0.5.0"
      },
      "engines": {
        "node": "^20.17.0 || >=22.9.0"
      }
    },
    "node_modules/npm/node_modules/@tufjs/canonical-json": {
      "version": "2.0.0",
      "inBundle": true,
      "license": "MIT",
      "engines": {
        "node": "^16.14.0 || >=18.0.0"
      }
    },
    "node_modules/npm/node_modules/@tufjs/models": {
      "version": "4.1.0",
      "inBundle": true,
      "license": "MIT",
      "dependencies": {
        "@tufjs/canonical-json": "2.0.0",
        "minimatch": "^10.1.1"
      },
      "engines": {
        "node": "^20.17.0 || >=22.9.0"
      }
    },
    "node_modules/npm/node_modules/abbrev": {
      "version": "4.0.0",
      "inBundle": true,
      "license": "ISC",
      "engines": {
        "node": "^20.17.0 || >=22.9.0"
      }
    },
    "node_modules/npm/node_modules/agent-base": {
      "version": "7.1.4",
      "inBundle": true,
      "license": "MIT",
      "engines": {
        "node": ">= 14"
      }
    },
    "node_modules/npm/node_modules/aproba": {
      "version": "2.1.0",
      "inBundle": true,
      "license": "ISC"
    },
    "node_modules/npm/node_modules/archy": {
      "version": "1.0.0",
      "inBundle": true,
      "license": "MIT"
    },
    "node_modules/npm/node_modules/balanced-match": {
      "version": "4.0.4",
      "inBundle": true,
      "license": "MIT",
      "engines": {
        "node": "18 || 20 || >=22"
      }
    },
    "node_modules/npm/node_modules/bin-links": {
      "version": "6.0.2",
      "inBundle": true,
      "license": "ISC",
      "dependencies": {
        "cmd-shim": "^8.0.0",
        "npm-normalize-package-bin": "^5.0.0",
        "proc-log": "^6.0.0",
        "read-cmd-shim": "^6.0.0",
        "write-file-atomic": "^7.0.0"
      },
      "engines": {
        "node": "^20.17.0 || >=22.9.0"
      }
    },
    "node_modules/npm/node_modules/binary-extensions": {
      "version": "3.1.0",
      "inBundle": true,
      "license": "MIT",
      "engines": {
        "node": ">=18.20"
      },
      "funding": {
        "url": "https://github.com/sponsors/sindresorhus"
      }
    },
    "node_modules/npm/node_modules/brace-expansion": {
      "version": "5.0.7",
      "inBundle": true,
      "license": "MIT",
      "dependencies": {
        "balanced-match": "^4.0.2"
      },
      "engines": {
        "node": "18 || 20 || >=22"
      }
    },
    "node_modules/npm/node_modules/cacache": {
      "version": "20.0.4",
      "inBundle": true,
      "license": "ISC",
      "dependencies": {
        "@npmcli/fs": "^5.0.0",
        "fs-minipass": "^3.0.0",
        "glob": "^13.0.0",
        "lru-cache": "^11.1.0",
        "minipass": "^7.0.3",
        "minipass-collect": "^2.0.1",
        "minipass-flush": "^1.0.5",
        "minipass-pipeline": "^1.2.4",
        "p-map": "^7.0.2",
        "ssri": "^13.0.0"
      },
      "engines": {
        "node": "^20.17.0 || >=22.9.0"
      }
    },
    "node_modules/npm/node_modules/chalk": {
      "version": "5.6.2",
      "inBundle": true,
      "license": "MIT",
      "engines": {
        "node": "^12.17.0 || ^14.13 || >=16.0.0"
      },
      "funding": {
        "url": "https://github.com/chalk/chalk?sponsor=1"
      }
    },
    "node_modules/npm/node_modules/chownr": {
      "version": "3.0.0",
      "inBundle": true,
      "license": "BlueOak-1.0.0",
      "engines": {
        "node": ">=18"
      }
    },
    "node_modules/npm/node_modules/ci-info": {
      "version": "4.4.0",
      "funding": [
        {
          "type": "github",
          "url": "https://github.com/sponsors/sibiraj-s"
        }
      ],
      "inBundle": true,
      "license": "MIT",
      "engines": {
        "node": ">=8"
      }
    },
    "node_modules/npm/node_modules/cidr-regex": {
      "version": "5.0.5",
      "inBundle": true,
      "license": "BSD-2-Clause",
      "engines": {
        "node": ">=20"
      }
    },
    "node_modules/npm/node_modules/cmd-shim": {
      "version": "8.0.0",
      "inBundle": true,
      "license": "ISC",
      "engines": {
        "node": "^20.17.0 || >=22.9.0"
      }
    },
    "node_modules/npm/node_modules/common-ancestor-path": {
      "version": "2.0.0",
      "inBundle": true,
      "license": "BlueOak-1.0.0",
      "engines": {
        "node": ">= 18"
      }
    },
    "node_modules/npm/node_modules/cssesc": {
      "version": "3.0.0",
      "inBundle": true,
      "license": "MIT",
      "bin": {
        "cssesc": "bin/cssesc"
      },
      "engines": {
        "node": ">=4"
      }
    },
    "node_modules/npm/node_modules/debug": {
      "version": "4.4.3",
      "inBundle": true,
      "license": "MIT",
      "dependencies": {
        "ms": "^2.1.3"
      },
      "engines": {
        "node": ">=6.0"
      },
      "peerDependenciesMeta": {
        "supports-color": {
          "optional": true
        }
      }
    },
    "node_modules/npm/node_modules/diff": {
      "version": "8.0.4",
      "inBundle": true,
      "license": "BSD-3-Clause",
      "engines": {
        "node": ">=0.3.1"
      }
    },
    "node_modules/npm/node_modules/env-paths": {
      "version": "2.2.1",
      "inBundle": true,
      "license": "MIT",
      "engines": {
        "node": ">=6"
      }
    },
    "node_modules/npm/node_modules/exponential-backoff": {
      "version": "3.1.3",
      "inBundle": true,
      "license": "Apache-2.0"
    },
    "node_modules/npm/node_modules/fastest-levenshtein": {
      "version": "1.0.16",
      "inBundle": true,
      "license": "MIT",
      "engines": {
        "node": ">= 4.9.1"
      }
    },
    "node_modules/npm/node_modules/fs-minipass": {
      "version": "3.0.3",
      "inBundle": true,
      "license": "ISC",
      "dependencies": {
        "minipass": "^7.0.3"
      },
      "engines": {
        "node": "^14.17.0 || ^16.13.0 || >=18.0.0"
      }
    },
    "node_modules/npm/node_modules/glob": {
      "version": "13.0.6",
      "inBundle": true,
      "license": "BlueOak-1.0.0",
      "dependencies": {
        "minimatch": "^10.2.2",
        "minipass": "^7.1.3",
        "path-scurry": "^2.0.2"
      },
      "engines": {
        "node": "18 || 20 || >=22"
      },
      "funding": {
        "url": "https://github.com/sponsors/isaacs"
      }
    },
    "node_modules/npm/node_modules/graceful-fs": {
      "version": "4.2.11",
      "inBundle": true,
      "license": "ISC"
    },
    "node_modules/npm/node_modules/hosted-git-info": {
      "version": "9.0.3",
      "inBundle": true,
      "license": "ISC",
      "dependencies": {
        "lru-cache": "^11.1.0"
      },
      "engines": {
        "node": "^20.17.0 || >=22.9.0"
      }
    },
    "node_modules/npm/node_modules/http-cache-semantics": {
      "version": "4.2.0",
      "inBundle": true,
      "license": "BSD-2-Clause"
    },
    "node_modules/npm/node_modules/http-proxy-agent": {
      "version": "7.0.2",
      "inBundle": true,
      "license": "MIT",
      "dependencies": {
        "agent-base": "^7.1.0",
        "debug": "^4.3.4"
      },
      "engines": {
        "node": ">= 14"
      }
    },
    "node_modules/npm/node_modules/https-proxy-agent": {
      "version": "7.0.6",
      "inBundle": true,
      "license": "MIT",
      "dependencies": {
        "agent-base": "^7.1.2",
        "debug": "4"
      },
      "engines": {
        "node": ">= 14"
      }
    },
    "node_modules/npm/node_modules/iconv-lite": {
      "version": "0.7.2",
      "inBundle": true,
      "license": "MIT",
      "optional": true,
      "dependencies": {
        "safer-buffer": ">= 2.1.2 < 3.0.0"
      },
      "engines": {
        "node": ">=0.10.0"
      },
      "funding": {
        "type": "opencollective",
        "url": "https://opencollective.com/express"
      }
    },
    "node_modules/npm/node_modules/ignore-walk": {
      "version": "8.0.0",
      "inBundle": true,
      "license": "ISC",
      "dependencies": {
        "minimatch": "^10.0.3"
      },
      "engines": {
        "node": "^20.17.0 || >=22.9.0"
      }
    },
    "node_modules/npm/node_modules/ini": {
      "version": "6.0.0",
      "inBundle": true,
      "license": "ISC",
      "engines": {
        "node": "^20.17.0 || >=22.9.0"
      }
    },
    "node_modules/npm/node_modules/init-package-json": {
      "version": "8.2.5",
      "inBundle": true,
      "license": "ISC",
      "dependencies": {
        "@npmcli/package-json": "^7.0.0",
        "npm-package-arg": "^13.0.0",
        "promzard": "^3.0.1",
        "read": "^5.0.1",
        "semver": "^7.7.2",
        "validate-npm-package-name": "^7.0.0"
      },
      "engines": {
        "node": "^20.17.0 || >=22.9.0"
      }
    },
    "node_modules/npm/node_modules/ip-address": {
      "version": "10.2.0",
      "inBundle": true,
      "license": "MIT",
      "engines": {
        "node": ">= 12"
      }
    },
    "node_modules/npm/node_modules/is-cidr": {
      "version": "6.0.4",
      "inBundle": true,
      "license": "BSD-2-Clause",
      "dependencies": {
        "cidr-regex": "^5.0.4"
      },
      "engines": {
        "node": ">=20"
      }
    },
    "node_modules/npm/node_modules/isexe": {
      "version": "4.0.0",
      "inBundle": true,
      "license": "BlueOak-1.0.0",
      "engines": {
        "node": ">=20"
      }
    },
    "node_modules/npm/node_modules/json-parse-even-better-errors": {
      "version": "5.0.0",
      "inBundle": true,
      "license": "MIT",
      "engines": {
        "node": "^20.17.0 || >=22.9.0"
      }
    },
    "node_modules/npm/node_modules/json-stringify-nice": {
      "version": "1.1.4",
      "inBundle": true,
      "license": "ISC",
      "funding": {
        "url": "https://github.com/sponsors/isaacs"
      }
    },
    "node_modules/npm/node_modules/jsonparse": {
      "version": "1.3.1",
      "engines": [
        "node >= 0.2.0"
      ],
      "inBundle": true,
      "license": "MIT"
    },
    "node_modules/npm/node_modules/just-diff": {
      "version": "6.0.2",
      "inBundle": true,
      "license": "MIT"
    },
    "node_modules/npm/node_modules/just-diff-apply": {
      "version": "5.5.0",
      "inBundle": true,
      "license": "MIT"
    },
    "node_modules/npm/node_modules/libnpmaccess": {
      "version": "10.0.3",
      "inBundle": true,
      "license": "ISC",
      "dependencies": {
        "npm-package-arg": "^13.0.0",
        "npm-registry-fetch": "^19.0.0"
      },
      "engines": {
        "node": "^20.17.0 || >=22.9.0"
      }
    },
    "node_modules/npm/node_modules/libnpmdiff": {
      "version": "8.1.12",
      "inBundle": true,
      "license": "ISC",
      "dependencies": {
        "@npmcli/arborist": "^9.9.1",
        "@npmcli/installed-package-contents": "^4.0.0",
        "binary-extensions": "^3.0.0",
        "diff": "^8.0.2",
        "minimatch": "^10.0.3",
        "npm-package-arg": "^13.0.0",
        "pacote": "^21.0.2",
        "tar": "^7.5.1"
      },
      "engines": {
        "node": "^20.17.0 || >=22.9.0"
      }
    },
    "node_modules/npm/node_modules/libnpmexec": {
      "version": "10.3.2",
      "inBundle": true,
      "license": "ISC",
      "dependencies": {
        "@gar/promise-retry": "^1.0.0",
        "@npmcli/arborist": "^9.9.1",
        "@npmcli/package-json": "^7.0.0",
        "@npmcli/run-script": "^10.0.0",
        "ci-info": "^4.0.0",
        "npm-package-arg": "^13.0.0",
        "pacote": "^21.0.2",
        "proc-log": "^6.0.0",
        "read": "^5.0.1",
        "semver": "^7.3.7",
        "signal-exit": "^4.1.0",
        "walk-up-path": "^4.0.0"
      },
      "engines": {
        "node": "^20.17.0 || >=22.9.0"
      }
    },
    "node_modules/npm/node_modules/libnpmfund": {
      "version": "7.0.26",
      "inBundle": true,
      "license": "ISC",
      "dependencies": {
        "@npmcli/arborist": "^9.9.1"
      },
      "engines": {
        "node": "^20.17.0 || >=22.9.0"
      }
    },
    "node_modules/npm/node_modules/libnpmorg": {
      "version": "8.0.1",
      "inBundle": true,
      "license": "ISC",
      "dependencies": {
        "aproba": "^2.0.0",
        "npm-registry-fetch": "^19.0.0"
      },
      "engines": {
        "node": "^20.17.0 || >=22.9.0"
      }
    },
    "node_modules/npm/node_modules/libnpmpack": {
      "version": "9.1.12",
      "inBundle": true,
      "license": "ISC",
      "dependencies": {
        "@npmcli/arborist": "^9.9.1",
        "@npmcli/run-script": "^10.0.0",
        "npm-package-arg": "^13.0.0",
        "pacote": "^21.0.2"
      },
      "engines": {
        "node": "^20.17.0 || >=22.9.0"
      }
    },
    "node_modules/npm/node_modules/libnpmpublish": {
      "version": "11.2.0",
      "inBundle": true,
      "license": "ISC",
      "dependencies": {
        "@npmcli/package-json": "^7.0.0",
        "ci-info": "^4.0.0",
        "npm-package-arg": "^13.0.0",
        "npm-registry-fetch": "^19.0.0",
        "proc-log": "^6.0.0",
        "semver": "^7.3.7",
        "sigstore": "^4.0.0",
        "ssri": "^13.0.0"
      },
      "engines": {
        "node": "^20.17.0 || >=22.9.0"
      }
    },
    "node_modules/npm/node_modules/libnpmsearch": {
      "version": "9.0.1",
      "inBundle": true,
      "license": "ISC",
      "dependencies": {
        "npm-registry-fetch": "^19.0.0"
      },
      "engines": {
        "node": "^20.17.0 || >=22.9.0"
      }
    },
    "node_modules/npm/node_modules/libnpmteam": {
      "version": "8.0.2",
      "inBundle": true,
      "license": "ISC",
      "dependencies": {
        "aproba": "^2.0.0",
        "npm-registry-fetch": "^19.0.0"
      },
      "engines": {
        "node": "^20.17.0 || >=22.9.0"
      }
    },
    "node_modules/npm/node_modules/libnpmversion": {
      "version": "8.0.4",
      "inBundle": true,
      "license": "ISC",
      "dependencies": {
        "@npmcli/git": "^7.0.0",
        "@npmcli/run-script": "^10.0.0",
        "json-parse-even-better-errors": "^5.0.0",
        "proc-log": "^6.0.0",
        "semver": "^7.3.7"
      },
      "engines": {
        "node": "^20.17.0 || >=22.9.0"
      }
    },
    "node_modules/npm/node_modules/lru-cache": {
      "version": "11.5.1",
      "inBundle": true,
      "license": "BlueOak-1.0.0",
      "engines": {
        "node": "20 || >=22"
      }
    },
    "node_modules/npm/node_modules/make-fetch-happen": {
      "version": "15.0.6",
      "inBundle": true,
      "license": "ISC",
      "dependencies": {
        "@gar/promise-retry": "^1.0.0",
        "@npmcli/agent": "^4.0.0",
        "@npmcli/redact": "^4.0.0",
        "cacache": "^20.0.1",
        "http-cache-semantics": "^4.1.1",
        "minipass": "^7.0.2",
        "minipass-fetch": "^5.0.0",
        "minipass-flush": "^1.0.5",
        "minipass-pipeline": "^1.2.4",
        "negotiator": "^1.0.0",
        "proc-log": "^6.0.0",
        "ssri": "^13.0.0"
      },
      "engines": {
        "node": "^20.17.0 || >=22.9.0"
      }
    },
    "node_modules/npm/node_modules/minimatch": {
      "version": "10.2.5",
      "inBundle": true,
      "license": "BlueOak-1.0.0",
      "dependencies": {
        "brace-expansion": "^5.0.5"
      },
      "engines": {
        "node": "18 || 20 || >=22"
      },
      "funding": {
        "url": "https://github.com/sponsors/isaacs"
      }
    },
    "node_modules/npm/node_modules/minipass": {
      "version": "7.1.3",
      "inBundle": true,
      "license": "BlueOak-1.0.0",
      "engines": {
        "node": ">=16 || 14 >=14.17"
      }
    },
    "node_modules/npm/node_modules/minipass-collect": {
      "version": "2.0.1",
      "inBundle": true,
      "license": "ISC",
      "dependencies": {
        "minipass": "^7.0.3"
      },
      "engines": {
        "node": ">=16 || 14 >=14.17"
      }
    },
    "node_modules/npm/node_modules/minipass-fetch": {
      "version": "5.0.2",
      "inBundle": true,
      "license": "MIT",
      "dependencies": {
        "minipass": "^7.0.3",
        "minipass-sized": "^2.0.0",
        "minizlib": "^3.0.1"
      },
      "engines": {
        "node": "^20.17.0 || >=22.9.0"
      },
      "optionalDependencies": {
        "iconv-lite": "^0.7.2"
      }
    },
    "node_modules/npm/node_modules/minipass-flush": {
      "version": "1.0.6",
      "inBundle": true,
      "license": "BlueOak-1.0.0",
      "dependencies": {
        "minipass": "^7.1.3"
      },
      "engines": {
        "node": ">=16 || 14 >=14.17"
      }
    },
    "node_modules/npm/node_modules/minipass-pipeline": {
      "version": "1.2.4",
      "inBundle": true,
      "license": "ISC",
      "dependencies": {
        "minipass": "^3.0.0"
      },
      "engines": {
        "node": ">=8"
      }
    },
    "node_modules/npm/node_modules/minipass-pipeline/node_modules/minipass": {
      "version": "3.3.6",
      "inBundle": true,
      "license": "ISC",
      "dependencies": {
        "yallist": "^4.0.0"
      },
      "engines": {
        "node": ">=8"
      }
    },
    "node_modules/npm/node_modules/minipass-pipeline/node_modules/yallist": {
      "version": "4.0.0",
      "inBundle": true,
      "license": "ISC"
    },
    "node_modules/npm/node_modules/minipass-sized": {
      "version": "2.0.0",
      "inBundle": true,
      "license": "ISC",
      "dependencies": {
        "minipass": "^7.1.2"
      },
      "engines": {
        "node": ">=8"
      }
    },
    "node_modules/npm/node_modules/minizlib": {
      "version": "3.1.0",
      "inBundle": true,
      "license": "MIT",
      "dependencies": {
        "minipass": "^7.1.2"
      },
      "engines": {
        "node": ">= 18"
      }
    },
    "node_modules/npm/node_modules/ms": {
      "version": "2.1.3",
      "inBundle": true,
      "license": "MIT"
    },
    "node_modules/npm/node_modules/mute-stream": {
      "version": "3.0.0",
      "inBundle": true,
      "license": "ISC",
      "engines": {
        "node": "^20.17.0 || >=22.9.0"
      }
    },
    "node_modules/npm/node_modules/negotiator": {
      "version": "1.0.0",
      "inBundle": true,
      "license": "MIT",
      "engines": {
        "node": ">= 0.6"
      }
    },
    "node_modules/npm/node_modules/node-gyp": {
      "version": "12.4.0",
      "inBundle": true,
      "license": "MIT",
      "dependencies": {
        "env-paths": "^2.2.0",
        "exponential-backoff": "^3.1.1",
        "graceful-fs": "^4.2.6",
        "nopt": "^9.0.0",
        "proc-log": "^6.0.0",
        "semver": "^7.3.5",
        "tar": "^7.5.4",
        "tinyglobby": "^0.2.12",
        "undici": "^6.25.0",
        "which": "^6.0.0"
      },
      "bin": {
        "node-gyp": "bin/node-gyp.js"
      },
      "engines": {
        "node": "^20.17.0 || >=22.9.0"
      }
    },
    "node_modules/npm/node_modules/nopt": {
      "version": "9.0.0",
      "inBundle": true,
      "license": "ISC",
      "dependencies": {
        "abbrev": "^4.0.0"
      },
      "bin": {
        "nopt": "bin/nopt.js"
      },
      "engines": {
        "node": "^20.17.0 || >=22.9.0"
      }
    },
    "node_modules/npm/node_modules/npm-audit-report": {
      "version": "7.0.0",
      "inBundle": true,
      "license": "ISC",
      "engines": {
        "node": "^20.17.0 || >=22.9.0"
      }
    },
    "node_modules/npm/node_modules/npm-bundled": {
      "version": "5.0.0",
      "inBundle": true,
      "license": "ISC",
      "dependencies": {
        "npm-normalize-package-bin": "^5.0.0"
      },
      "engines": {
        "node": "^20.17.0 || >=22.9.0"
      }
    },
    "node_modules/npm/node_modules/npm-install-checks": {
      "version": "8.0.0",
      "inBundle": true,
      "license": "BSD-2-Clause",
      "dependencies": {
        "semver": "^7.1.1"
      },
      "engines": {
        "node": "^20.17.0 || >=22.9.0"
      }
    },
    "node_modules/npm/node_modules/npm-normalize-package-bin": {
      "version": "5.0.0",
      "inBundle": true,
      "license": "ISC",
      "engines": {
        "node": "^20.17.0 || >=22.9.0"
      }
    },
    "node_modules/npm/node_modules/npm-package-arg": {
      "version": "13.0.2",
      "inBundle": true,
      "license": "ISC",
      "dependencies": {
        "hosted-git-info": "^9.0.0",
        "proc-log": "^6.0.0",
        "semver": "^7.3.5",
        "validate-npm-package-name": "^7.0.0"
      },
      "engines": {
        "node": "^20.17.0 || >=22.9.0"
      }
    },
    "node_modules/npm/node_modules/npm-packlist": {
      "version": "10.0.4",
      "inBundle": true,
      "license": "ISC",
      "dependencies": {
        "ignore-walk": "^8.0.0",
        "proc-log": "^6.0.0"
      },
      "engines": {
        "node": "^20.17.0 || >=22.9.0"
      }
    },
    "node_modules/npm/node_modules/npm-pick-manifest": {
      "version": "11.0.3",
      "inBundle": true,
      "license": "ISC",
      "dependencies": {
        "npm-install-checks": "^8.0.0",
        "npm-normalize-package-bin": "^5.0.0",
        "npm-package-arg": "^13.0.0",
        "semver": "^7.3.5"
      },
      "engines": {
        "node": "^20.17.0 || >=22.9.0"
      }
    },
    "node_modules/npm/node_modules/npm-profile": {
      "version": "12.0.2",
      "inBundle": true,
      "license": "ISC",
      "dependencies": {
        "npm-registry-fetch": "^19.0.0",
        "proc-log": "^6.1.0"
      },
      "engines": {
        "node": "^20.17.0 || >=22.9.0"
      }
    },
    "node_modules/npm/node_modules/npm-registry-fetch": {
      "version": "19.1.1",
      "inBundle": true,
      "license": "ISC",
      "dependencies": {
        "@npmcli/redact": "^4.0.0",
        "jsonparse": "^1.3.1",
        "make-fetch-happen": "^15.0.0",
        "minipass": "^7.0.2",
        "minipass-fetch": "^5.0.0",
        "minizlib": "^3.0.1",
        "npm-package-arg": "^13.0.0",
        "proc-log": "^6.0.0"
      },
      "engines": {
        "node": "^20.17.0 || >=22.9.0"
      }
    },
    "node_modules/npm/node_modules/npm-user-validate": {
      "version": "4.0.0",
      "inBundle": true,
      "license": "BSD-2-Clause",
      "engines": {
        "node": "^20.17.0 || >=22.9.0"
      }
    },
    "node_modules/npm/node_modules/p-map": {
      "version": "7.0.4",
      "inBundle": true,
      "license": "MIT",
      "engines": {
        "node": ">=18"
      },
      "funding": {
        "url": "https://github.com/sponsors/sindresorhus"
      }
    },
    "node_modules/npm/node_modules/pacote": {
      "version": "21.5.1",
      "inBundle": true,
      "license": "ISC",
      "dependencies": {
        "@gar/promise-retry": "^1.0.0",
        "@npmcli/git": "^7.0.0",
        "@npmcli/installed-package-contents": "^4.0.0",
        "@npmcli/package-json": "^7.0.0",
        "@npmcli/promise-spawn": "^9.0.0",
        "@npmcli/run-script": "^10.0.0",
        "cacache": "^20.0.0",
        "fs-minipass": "^3.0.0",
        "minipass": "^7.0.2",
        "npm-package-arg": "^13.0.0",
        "npm-packlist": "^10.0.1",
        "npm-pick-manifest": "^11.0.1",
        "npm-registry-fetch": "^19.0.0",
        "proc-log": "^6.0.0",
        "sigstore": "^4.0.0",
        "ssri": "^13.0.0",
        "tar": "^7.4.3"
      },
      "bin": {
        "pacote": "bin/index.js"
      },
      "engines": {
        "node": "^20.17.0 || >=22.9.0"
      }
    },
    "node_modules/npm/node_modules/parse-conflict-json": {
      "version": "5.0.1",
      "inBundle": true,
      "license": "ISC",
      "dependencies": {
        "json-parse-even-better-errors": "^5.0.0",
        "just-diff": "^6.0.0",
        "just-diff-apply": "^5.2.0"
      },
      "engines": {
        "node": "^20.17.0 || >=22.9.0"
      }
    },
    "node_modules/npm/node_modules/path-scurry": {
      "version": "2.0.2",
      "inBundle": true,
      "license": "BlueOak-1.0.0",
      "dependencies": {
        "lru-cache": "^11.0.0",
        "minipass": "^7.1.2"
      },
      "engines": {
        "node": "18 || 20 || >=22"
      },
      "funding": {
        "url": "https://github.com/sponsors/isaacs"
      }
    },
    "node_modules/npm/node_modules/postcss-selector-parser": {
      "version": "7.1.4",
      "inBundle": true,
      "license": "MIT",
      "dependencies": {
        "cssesc": "^3.0.0",
        "util-deprecate": "^1.0.2"
      },
      "engines": {
        "node": ">=4"
      }
    },
    "node_modules/npm/node_modules/proc-log": {
      "version": "6.1.0",
      "inBundle": true,
      "license": "ISC",
      "engines": {
        "node": "^20.17.0 || >=22.9.0"
      }
    },
    "node_modules/npm/node_modules/proggy": {
      "version": "4.0.0",
      "inBundle": true,
      "license": "ISC",
      "engines": {
        "node": "^20.17.0 || >=22.9.0"
      }
    },
    "node_modules/npm/node_modules/promise-all-reject-late": {
      "version": "1.0.1",
      "inBundle": true,
      "license": "ISC",
      "funding": {
        "url": "https://github.com/sponsors/isaacs"
      }
    },
    "node_modules/npm/node_modules/promise-call-limit": {
      "version": "3.0.2",
      "inBundle": true,
      "license": "ISC",
      "funding": {
        "url": "https://github.com/sponsors/isaacs"
      }
    },
    "node_modules/npm/node_modules/promzard": {
      "version": "3.0.1",
      "inBundle": true,
      "license": "ISC",
      "dependencies": {
        "read": "^5.0.0"
      },
      "engines": {
        "node": "^20.17.0 || >=22.9.0"
      }
    },
    "node_modules/npm/node_modules/qrcode-terminal": {
      "version": "0.12.0",
      "inBundle": true,
      "bin": {
        "qrcode-terminal": "bin/qrcode-terminal.js"
      }
    },
    "node_modules/npm/node_modules/read": {
      "version": "5.0.1",
      "inBundle": true,
      "license": "ISC",
      "dependencies": {
        "mute-stream": "^3.0.0"
      },
      "engines": {
        "node": "^20.17.0 || >=22.9.0"
      }
    },
    "node_modules/npm/node_modules/read-cmd-shim": {
      "version": "6.0.0",
      "inBundle": true,
      "license": "ISC",
      "engines": {
        "node": "^20.17.0 || >=22.9.0"
      }
    },
    "node_modules/npm/node_modules/safer-buffer": {
      "version": "2.1.2",
      "inBundle": true,
      "license": "MIT",
      "optional": true
    },
    "node_modules/npm/node_modules/semver": {
      "version": "7.8.5",
      "inBundle": true,
      "license": "ISC",
      "bin": {
        "semver": "bin/semver.js"
      },
      "engines": {
        "node": ">=10"
      }
    },
    "node_modules/npm/node_modules/signal-exit": {
      "version": "4.1.0",
      "inBundle": true,
      "license": "ISC",
      "engines": {
        "node": ">=14"
      },
      "funding": {
        "url": "https://github.com/sponsors/isaacs"
      }
    },
    "node_modules/npm/node_modules/sigstore": {
      "version": "4.1.1",
      "inBundle": true,
      "license": "Apache-2.0",
      "dependencies": {
        "@sigstore/bundle": "^4.0.0",
        "@sigstore/core": "^3.2.1",
        "@sigstore/protobuf-specs": "^0.5.0",
        "@sigstore/sign": "^4.1.1",
        "@sigstore/tuf": "^4.0.2",
        "@sigstore/verify": "^3.1.1"
      },
      "engines": {
        "node": "^20.17.0 || >=22.9.0"
      }
    },
    "node_modules/npm/node_modules/smart-buffer": {
      "version": "4.2.0",
      "inBundle": true,
      "license": "MIT",
      "engines": {
        "node": ">= 6.0.0",
        "npm": ">= 3.0.0"
      }
    },
    "node_modules/npm/node_modules/socks": {
      "version": "2.8.9",
      "inBundle": true,
      "license": "MIT",
      "dependencies": {
        "ip-address": "^10.1.1",
        "smart-buffer": "^4.2.0"
      },
      "engines": {
        "node": ">= 10.0.0",
        "npm": ">= 3.0.0"
      }
    },
    "node_modules/npm/node_modules/socks-proxy-agent": {
      "version": "8.0.5",
      "inBundle": true,
      "license": "MIT",
      "dependencies": {
        "agent-base": "^7.1.2",
        "debug": "^4.3.4",
        "socks": "^2.8.3"
      },
      "engines": {
        "node": ">= 14"
      }
    },
    "node_modules/npm/node_modules/spdx-exceptions": {
      "version": "2.5.0",
      "inBundle": true,
      "license": "CC-BY-3.0"
    },
    "node_modules/npm/node_modules/spdx-expression-parse": {
      "version": "4.0.0",
      "inBundle": true,
      "license": "MIT",
      "dependencies": {
        "spdx-exceptions": "^2.1.0",
        "spdx-license-ids": "^3.0.0"
      }
    },
    "node_modules/npm/node_modules/spdx-license-ids": {
      "version": "3.0.23",
      "inBundle": true,
      "license": "CC0-1.0"
    },
    "node_modules/npm/node_modules/ssri": {
      "version": "13.0.1",
      "inBundle": true,
      "license": "ISC",
      "dependencies": {
        "minipass": "^7.0.3"
      },
      "engines": {
        "node": "^20.17.0 || >=22.9.0"
      }
    },
    "node_modules/npm/node_modules/supports-color": {
      "version": "10.2.2",
      "inBundle": true,
      "license": "MIT",
      "engines": {
        "node": ">=18"
      },
      "funding": {
        "url": "https://github.com/chalk/supports-color?sponsor=1"
      }
    },
    "node_modules/npm/node_modules/tar": {
      "version": "7.5.19",
      "inBundle": true,
      "license": "BlueOak-1.0.0",
      "dependencies": {
        "@isaacs/fs-minipass": "^4.0.0",
        "chownr": "^3.0.0",
        "minipass": "^7.1.2",
        "minizlib": "^3.1.0",
        "yallist": "^5.0.0"
      },
      "engines": {
        "node": ">=18"
      }
    },
    "node_modules/npm/node_modules/text-table": {
      "version": "0.2.0",
      "inBundle": true,
      "license": "MIT"
    },
    "node_modules/npm/node_modules/tiny-relative-date": {
      "version": "2.0.2",
      "inBundle": true,
      "license": "MIT"
    },
    "node_modules/npm/node_modules/tinyglobby": {
      "version": "0.2.17",
      "inBundle": true,
      "license": "MIT",
      "dependencies": {
        "fdir": "^6.5.0",
        "picomatch": "^4.0.4"
      },
      "engines": {
        "node": ">=12.0.0"
      },
      "funding": {
        "url": "https://github.com/sponsors/SuperchupuDev"
      }
    },
    "node_modules/npm/node_modules/tinyglobby/node_modules/fdir": {
      "version": "6.5.0",
      "inBundle": true,
      "license": "MIT",
      "engines": {
        "node": ">=12.0.0"
      },
      "peerDependencies": {
        "picomatch": "^3 || ^4"
      },
      "peerDependenciesMeta": {
        "picomatch": {
          "optional": true
        }
      }
    },
    "node_modules/npm/node_modules/tinyglobby/node_modules/picomatch": {
      "version": "4.0.4",
      "inBundle": true,
      "license": "MIT",
      "engines": {
        "node": ">=12"
      },
      "funding": {
        "url": "https://github.com/sponsors/jonschlinkert"
      }
    },
    "node_modules/npm/node_modules/treeverse": {
      "version": "3.0.0",
      "inBundle": true,
      "license": "ISC",
      "engines": {
        "node": "^14.17.0 || ^16.13.0 || >=18.0.0"
      }
    },
    "node_modules/npm/node_modules/tuf-js": {
      "version": "4.1.0",
      "inBundle": true,
      "license": "MIT",
      "dependencies": {
        "@tufjs/models": "4.1.0",
        "debug": "^4.4.3",
        "make-fetch-happen": "^15.0.1"
      },
      "engines": {
        "node": "^20.17.0 || >=22.9.0"
      }
    },
    "node_modules/npm/node_modules/undici": {
      "version": "6.27.0",
      "inBundle": true,
      "license": "MIT",
      "engines": {
        "node": ">=18.17"
      }
    },
    "node_modules/npm/node_modules/util-deprecate": {
      "version": "1.0.2",
      "inBundle": true,
      "license": "MIT"
    },
    "node_modules/npm/node_modules/validate-npm-package-name": {
      "version": "7.0.2",
      "inBundle": true,
      "license": "ISC",
      "engines": {
        "node": "^20.17.0 || >=22.9.0"
      }
    },
    "node_modules/npm/node_modules/walk-up-path": {
      "version": "4.0.0",
      "inBundle": true,
      "license": "ISC",
      "engines": {
        "node": "20 || >=22"
      }
    },
    "node_modules/npm/node_modules/which": {
      "version": "6.0.1",
      "inBundle": true,
      "license": "ISC",
      "dependencies": {
        "isexe": "^4.0.0"
      },
      "bin": {
        "node-which": "bin/which.js"
      },
      "engines": {
        "node": "^20.17.0 || >=22.9.0"
      }
    },
    "node_modules/npm/node_modules/write-file-atomic": {
      "version": "7.0.1",
      "inBundle": true,
      "license": "ISC",
      "dependencies": {
        "signal-exit": "^4.0.1"
      },
      "engines": {
        "node": "^20.17.0 || >=22.9.0"
      }
    },
    "node_modules/npm/node_modules/yallist": {
      "version": "5.0.0",
      "inBundle": true,
      "license": "BlueOak-1.0.0",
      "engines": {
        "node": ">=18"
      }
    }
  }
}
